<?xml version="1.0" encoding="utf-8"?>
<Project ToolsVersion="4.0" xmlns="http://schemas.microsoft.com/developer/msbuild/2003">
  <ItemGroup>
    <Filter Include="Header Files">
      <UniqueIdentifier>{93995380-89BD-4b04-88EB-625FBE52EBFB}</UniqueIdentifier>
      <Extensions>h;hh;hpp;hxx;h++;hm;inl;inc;ipp;xsd</Extensions>
    </Filter>
    <Filter Include="Source Files">
      <UniqueIdentifier>{a490891d-29be-421e-8d71-117187c61dd2}</UniqueIdentifier>
    </Filter>
  </ItemGroup>
  <ItemGroup>
    <ClInclude Include="KNet.hpp">
      <Filter>Header Files</Filter>
    </ClInclude>
    <ClInclude Include="lz4.h">
      <Filter>Header Files</Filter>
    </ClInclude>
    <ClInclude Include="NetPool.hpp">
      <Filter>Header Files</Filter>
    </ClInclude>
    <ClInclude Include="NetPacket.hpp">
      <Filter>Header Files</Filter>
    </ClInclude>
    <ClInclude Include="NetAddress.hpp">
      <Filter>Header Files</Filter>
    </ClInclude>
    <ClInclude Include="NetPoint.hpp">
      <Filter>Header Files</Filter>
    </ClInclude>
    <ClInclude Include="NetClient.hpp">
      <Filter>Header Files</Filter>
    </ClInclude>
    <ClInclude Include="NetServer.hpp">
      <Filter>Header Files</Filter>
    </ClInclude>
    <ClInclude Include="ErrorHandling.hpp">
      <Filter>Header Files</Filter>
    </ClInclude>
    <ClInclude Include="NetChannel_UnreliableAny.hpp">
      <Filter>Header Files</Filter>
    </ClInclude>
    <ClInclude Include="NetChannel_UnreliableLatest.hpp">
      <Filter>Header Files</Filter>
    </ClInclude>
    <ClInclude Include="NetChannel_ReliableAny.hpp">
      <Filter>Header Files</Filter>
    </ClInclude>
    <ClInclude Include="NetChannel_ReliableLatest.hpp">
      <Filter>Header Files</Filter>
    </ClInclude>
    <ClInclude Include="NetChannel_Ordered.hpp">
      <Filter>Header Files</Filter>
    </ClInclude>
  </ItemGroup>
  <ItemGroup>
    <ClCompile Include="lz4.c">
      <Filter>Source Files</Filter>
    </ClCompile>
    <ClCompile Include="KNet.cpp">
      <Filter>Source Files</Filter>
    </ClCompile>
  </ItemGroup>
</Project>